// !$*UTF8*$!
{
	archiveVersion = 1;
	classes = {
	};
	objectVersion = 56;
	objects = {

/* Begin PBXBuildFile section */
		24171D302BF0567100689A15 /* PracticeCICDApp.swift in Sources */ = {isa = PBXBuildFile; fileRef = 24171D2F2BF0567100689A15 /* PracticeCICDApp.swift */; };
		24171D322BF0567100689A15 /* ContentView.swift in Sources */ = {isa = PBXBuildFile; fileRef = 24171D312BF0567100689A15 /* ContentView.swift */; };
		24171D342BF0567200689A15 /* Assets.xcassets in Resources */ = {isa = PBXBuildFile; fileRef = 24171D332BF0567200689A15 /* Assets.xcassets */; };
		24171D382BF0567200689A15 /* Preview Assets.xcassets in Resources */ = {isa = PBXBuildFile; fileRef = 24171D372BF0567200689A15 /* Preview Assets.xcassets */; };
		24171D422BF0567200689A15 /* PracticeCICDTests.swift in Sources */ = {isa = PBXBuildFile; fileRef = 24171D412BF0567200689A15 /* PracticeCICDTests.swift */; };
		24171D4C2BF0567200689A15 /* PracticeCICDUITests.swift in Sources */ = {isa = PBXBuildFile; fileRef = 24171D4B2BF0567200689A15 /* PracticeCICDUITests.swift */; };
		24171D4E2BF0567200689A15 /* PracticeCICDUITestsLaunchTests.swift in Sources */ = {isa = PBXBuildFile; fileRef = 24171D4D2BF0567200689A15 /* PracticeCICDUITestsLaunchTests.swift */; };
/* End PBXBuildFile section */

/* Begin PBXContainerItemProxy section */
		24171D3E2BF0567200689A15 /* PBXContainerItemProxy */ = {
			isa = PBXContainerItemProxy;
			containerPortal = 24171D242BF0567000689A15 /* Project object */;
			proxyType = 1;
			remoteGlobalIDString = 24171D2B2BF0567100689A15;
			remoteInfo = PracticeCICD;
		};
		24171D482BF0567200689A15 /* PBXContainerItemProxy */ = {
			isa = PBXContainerItemProxy;
			containerPortal = 24171D242BF0567000689A15 /* Project object */;
			proxyType = 1;
			remoteGlobalIDString = 24171D2B2BF0567100689A15;
			remoteInfo = PracticeCICD;
		};
/* End PBXContainerItemProxy section */

/* Begin PBXFileReference section */
		24171D2C2BF0567100689A15 /* PracticeCICD.app */ = {isa = PBXFileReference; explicitFileType = wrapper.application; includeInIndex = 0; path = PracticeCICD.app; sourceTree = BUILT_PRODUCTS_DIR; };
		24171D2F2BF0567100689A15 /* PracticeCICDApp.swift */ = {isa = PBXFileReference; lastKnownFileType = sourcecode.swift; path = PracticeCICDApp.swift; sourceTree = "<group>"; };
		24171D312BF0567100689A15 /* ContentView.swift */ = {isa = PBXFileReference; lastKnownFileType = sourcecode.swift; path = ContentView.swift; sourceTree = "<group>"; };
		24171D332BF0567200689A15 /* Assets.xcassets */ = {isa = PBXFileReference; lastKnownFileType = folder.assetcatalog; path = Assets.xcassets; sourceTree = "<group>"; };
		24171D352BF0567200689A15 /* PracticeCICD.entitlements */ = {isa = PBXFileReference; lastKnownFileType = text.plist.entitlements; path = PracticeCICD.entitlements; sourceTree = "<group>"; };
		24171D372BF0567200689A15 /* Preview Assets.xcassets */ = {isa = PBXFileReference; lastKnownFileType = folder.assetcatalog; path = "Preview Assets.xcassets"; sourceTree = "<group>"; };
		24171D3D2BF0567200689A15 /* PracticeCICDTests.xctest */ = {isa = PBXFileReference; explicitFileType = wrapper.cfbundle; includeInIndex = 0; path = PracticeCICDTests.xctest; sourceTree = BUILT_PRODUCTS_DIR; };
		24171D412BF0567200689A15 /* PracticeCICDTests.swift */ = {isa = PBXFileReference; lastKnownFileType = sourcecode.swift; path = PracticeCICDTests.swift; sourceTree = "<group>"; };
		24171D472BF0567200689A15 /* PracticeCICDUITests.xctest */ = {isa = PBXFileReference; explicitFileType = wrapper.cfbundle; includeInIndex = 0; path = PracticeCICDUITests.xctest; sourceTree = BUILT_PRODUCTS_DIR; };
		24171D4B2BF0567200689A15 /* PracticeCICDUITests.swift */ = {isa = PBXFileReference; lastKnownFileType = sourcecode.swift; path = PracticeCICDUITests.swift; sourceTree = "<group>"; };
		24171D4D2BF0567200689A15 /* PracticeCICDUITestsLaunchTests.swift */ = {isa = PBXFileReference; lastKnownFileType = sourcecode.swift; path = PracticeCICDUITestsLaunchTests.swift; sourceTree = "<group>"; };
/* End PBXFileReference section */

/* Begin PBXFrameworksBuildPhase section */
		24171D292BF0567100689A15 /* Frameworks */ = {
			isa = PBXFrameworksBuildPhase;
			buildActionMask = 2147483647;
			files = (
			);
			runOnlyForDeploymentPostprocessing = 0;
		};
		24171D3A2BF0567200689A15 /* Frameworks */ = {
			isa = PBXFrameworksBuildPhase;
			buildActionMask = 2147483647;
			files = (
			);
			runOnlyForDeploymentPostprocessing = 0;
		};
		24171D442BF0567200689A15 /* Frameworks */ = {
			isa = PBXFrameworksBuildPhase;
			buildActionMask = 2147483647;
			files = (
			);
			runOnlyForDeploymentPostprocessing = 0;
		};
/* End PBXFrameworksBuildPhase section */

/* Begin PBXGroup section */
		24171D232BF0567000689A15 = {
			isa = PBXGroup;
			children = (
				24171D2E2BF0567100689A15 /* PracticeCICD */,
				24171D402BF0567200689A15 /* PracticeCICDTests */,
				24171D4A2BF0567200689A15 /* PracticeCICDUITests */,
				24171D2D2BF0567100689A15 /* Products */,
			);
			sourceTree = "<group>";
		};
		24171D2D2BF0567100689A15 /* Products */ = {
			isa = PBXGroup;
			children = (
				24171D2C2BF0567100689A15 /* PracticeCICD.app */,
				24171D3D2BF0567200689A15 /* PracticeCICDTests.xctest */,
				24171D472BF0567200689A15 /* PracticeCICDUITests.xctest */,
			);
			name = Products;
			sourceTree = "<group>";
		};
		24171D2E2BF0567100689A15 /* PracticeCICD */ = {
			isa = PBXGroup;
			children = (
				24171D2F2BF0567100689A15 /* PracticeCICDApp.swift */,
				24171D312BF0567100689A15 /* ContentView.swift */,
				24171D332BF0567200689A15 /* Assets.xcassets */,
				24171D352BF0567200689A15 /* PracticeCICD.entitlements */,
				24171D362BF0567200689A15 /* Preview Content */,
			);
			path = PracticeCICD;
			sourceTree = "<group>";
		};
		24171D362BF0567200689A15 /* Preview Content */ = {
			isa = PBXGroup;
			children = (
				24171D372BF0567200689A15 /* Preview Assets.xcassets */,
			);
			path = "Preview Content";
			sourceTree = "<group>";
		};
		24171D402BF0567200689A15 /* PracticeCICDTests */ = {
			isa = PBXGroup;
			children = (
				24171D412BF0567200689A15 /* PracticeCICDTests.swift */,
			);
			path = PracticeCICDTests;
			sourceTree = "<group>";
		};
		24171D4A2BF0567200689A15 /* PracticeCICDUITests */ = {
			isa = PBXGroup;
			children = (
				24171D4B2BF0567200689A15 /* PracticeCICDUITests.swift */,
				24171D4D2BF0567200689A15 /* PracticeCICDUITestsLaunchTests.swift */,
			);
			path = PracticeCICDUITests;
			sourceTree = "<group>";
		};
/* End PBXGroup section */

/* Begin PBXNativeTarget section */
		24171D2B2BF0567100689A15 /* PracticeCICD */ = {
			isa = PBXNativeTarget;
			buildConfigurationList = 24171D512BF0567200689A15 /* Build configuration list for PBXNativeTarget "PracticeCICD" */;
			buildPhases = (
				24171D282BF0567100689A15 /* Sources */,
				24171D292BF0567100689A15 /* Frameworks */,
				24171D2A2BF0567100689A15 /* Resources */,
			);
			buildRules = (
			);
			dependencies = (
			);
			name = PracticeCICD;
			productName = PracticeCICD;
			productReference = 24171D2C2BF0567100689A15 /* PracticeCICD.app */;
			productType = "com.apple.product-type.application";
		};
		24171D3C2BF0567200689A15 /* PracticeCICDTests */ = {
			isa = PBXNativeTarget;
			buildConfigurationList = 24171D542BF0567200689A15 /* Build configuration list for PBXNativeTarget "PracticeCICDTests" */;
			buildPhases = (
				24171D392BF0567200689A15 /* Sources */,
				24171D3A2BF0567200689A15 /* Frameworks */,
				24171D3B2BF0567200689A15 /* Resources */,
			);
			buildRules = (
			);
			dependencies = (
				24171D3F2BF0567200689A15 /* PBXTargetDependency */,
			);
			name = PracticeCICDTests;
			productName = PracticeCICDTests;
			productReference = 24171D3D2BF0567200689A15 /* PracticeCICDTests.xctest */;
			productType = "com.apple.product-type.bundle.unit-test";
		};
		24171D462BF0567200689A15 /* PracticeCICDUITests */ = {
			isa = PBXNativeTarget;
			buildConfigurationList = 24171D572BF0567200689A15 /* Build configuration list for PBXNativeTarget "PracticeCICDUITests" */;
			buildPhases = (
				24171D432BF0567200689A15 /* Sources */,
				24171D442BF0567200689A15 /* Frameworks */,
				24171D452BF0567200689A15 /* Resources */,
			);
			buildRules = (
			);
			dependencies = (
				24171D492BF0567200689A15 /* PBXTargetDependency */,
			);
			name = PracticeCICDUITests;
			productName = PracticeCICDUITests;
			productReference = 24171D472BF0567200689A15 /* PracticeCICDUITests.xctest */;
			productType = "com.apple.product-type.bundle.ui-testing";
		};
/* End PBXNativeTarget section */

/* Begin PBXProject section */
		24171D242BF0567000689A15 /* Project object */ = {
			isa = PBXProject;
			attributes = {
				BuildIndependentTargetsInParallel = 1;
				LastSwiftUpdateCheck = 1520;
				LastUpgradeCheck = 1520;
				TargetAttributes = {
					24171D2B2BF0567100689A15 = {
						CreatedOnToolsVersion = 15.2;
					};
					24171D3C2BF0567200689A15 = {
						CreatedOnToolsVersion = 15.2;
						TestTargetID = 24171D2B2BF0567100689A15;
					};
					24171D462BF0567200689A15 = {
						CreatedOnToolsVersion = 15.2;
						TestTargetID = 24171D2B2BF0567100689A15;
					};
				};
			};
			buildConfigurationList = 24171D272BF0567000689A15 /* Build configuration list for PBXProject "PracticeCICD" */;
			compatibilityVersion = "Xcode 14.0";
			developmentRegion = en;
			hasScannedForEncodings = 0;
			knownRegions = (
				en,
				Base,
			);
			mainGroup = 24171D232BF0567000689A15;
			productRefGroup = 24171D2D2BF0567100689A15 /* Products */;
			projectDirPath = "";
			projectRoot = "";
			targets = (
				24171D2B2BF0567100689A15 /* PracticeCICD */,
				24171D3C2BF0567200689A15 /* PracticeCICDTests */,
				24171D462BF0567200689A15 /* PracticeCICDUITests */,
			);
		};
/* End PBXProject section */

/* Begin PBXResourcesBuildPhase section */
		24171D2A2BF0567100689A15 /* Resources */ = {
			isa = PBXResourcesBuildPhase;
			buildActionMask = 2147483647;
			files = (
				24171D382BF0567200689A15 /* Preview Assets.xcassets in Resources */,
				24171D342BF0567200689A15 /* Assets.xcassets in Resources */,
			);
			runOnlyForDeploymentPostprocessing = 0;
		};
		24171D3B2BF0567200689A15 /* Resources */ = {
			isa = PBXResourcesBuildPhase;
			buildActionMask = 2147483647;
			files = (
			);
			runOnlyForDeploymentPostprocessing = 0;
		};
		24171D452BF0567200689A15 /* Resources */ = {
			isa = PBXResourcesBuildPhase;
			buildActionMask = 2147483647;
			files = (
			);
			runOnlyForDeploymentPostprocessing = 0;
		};
/* End PBXResourcesBuildPhase section */

/* Begin PBXSourcesBuildPhase section */
		24171D282BF0567100689A15 /* Sources */ = {
			isa = PBXSourcesBuildPhase;
			buildActionMask = 2147483647;
			files = (
				24171D322BF0567100689A15 /* ContentView.swift in Sources */,
				24171D302BF0567100689A15 /* PracticeCICDApp.swift in Sources */,
			);
			runOnlyForDeploymentPostprocessing = 0;
		};
		24171D392BF0567200689A15 /* Sources */ = {
			isa = PBXSourcesBuildPhase;
			buildActionMask = 2147483647;
			files = (
				24171D422BF0567200689A15 /* PracticeCICDTests.swift in Sources */,
			);
			runOnlyForDeploymentPostprocessing = 0;
		};
		24171D432BF0567200689A15 /* Sources */ = {
			isa = PBXSourcesBuildPhase;
			buildActionMask = 2147483647;
			files = (
				24171D4E2BF0567200689A15 /* PracticeCICDUITestsLaunchTests.swift in Sources */,
				24171D4C2BF0567200689A15 /* PracticeCICDUITests.swift in Sources */,
			);
			runOnlyForDeploymentPostprocessing = 0;
		};
/* End PBXSourcesBuildPhase section */

/* Begin PBXTargetDependency section */
		24171D3F2BF0567200689A15 /* PBXTargetDependency */ = {
			isa = PBXTargetDependency;
			target = 24171D2B2BF0567100689A15 /* PracticeCICD */;
			targetProxy = 24171D3E2BF0567200689A15 /* PBXContainerItemProxy */;
		};
		24171D492BF0567200689A15 /* PBXTargetDependency */ = {
			isa = PBXTargetDependency;
			target = 24171D2B2BF0567100689A15 /* PracticeCICD */;
			targetProxy = 24171D482BF0567200689A15 /* PBXContainerItemProxy */;
		};
/* End PBXTargetDependency section */

/* Begin XCBuildConfiguration section */
		24171D4F2BF0567200689A15 /* Debug */ = {
			isa = XCBuildConfiguration;
			buildSettings = {
				ALWAYS_SEARCH_USER_PATHS = NO;
				ASSETCATALOG_COMPILER_GENERATE_SWIFT_ASSET_SYMBOL_EXTENSIONS = YES;
				CLANG_ANALYZER_NONNULL = YES;
				CLANG_ANALYZER_NUMBER_OBJECT_CONVERSION = YES_AGGRESSIVE;
				CLANG_CXX_LANGUAGE_STANDARD = "gnu++20";
				CLANG_ENABLE_MODULES = YES;
				CLANG_ENABLE_OBJC_ARC = YES;
				CLANG_ENABLE_OBJC_WEAK = YES;
				CLANG_WARN_BLOCK_CAPTURE_AUTORELEASING = YES;
				CLANG_WARN_BOOL_CONVERSION = YES;
				CLANG_WARN_COMMA = YES;
				CLANG_WARN_CONSTANT_CONVERSION = YES;
				CLANG_WARN_DEPRECATED_OBJC_IMPLEMENTATIONS = YES;
				CLANG_WARN_DIRECT_OBJC_ISA_USAGE = YES_ERROR;
				CLANG_WARN_DOCUMENTATION_COMMENTS = YES;
				CLANG_WARN_EMPTY_BODY = YES;
				CLANG_WARN_ENUM_CONVERSION = YES;
				CLANG_WARN_INFINITE_RECURSION = YES;
				CLANG_WARN_INT_CONVERSION = YES;
				CLANG_WARN_NON_LITERAL_NULL_CONVERSION = YES;
				CLANG_WARN_OBJC_IMPLICIT_RETAIN_SELF = YES;
				CLANG_WARN_OBJC_LITERAL_CONVERSION = YES;
				CLANG_WARN_OBJC_ROOT_CLASS = YES_ERROR;
				CLANG_WARN_QUOTED_INCLUDE_IN_FRAMEWORK_HEADER = YES;
				CLANG_WARN_RANGE_LOOP_ANALYSIS = YES;
				CLANG_WARN_STRICT_PROTOTYPES = YES;
				CLANG_WARN_SUSPICIOUS_MOVE = YES;
				CLANG_WARN_UNGUARDED_AVAILABILITY = YES_AGGRESSIVE;
				CLANG_WARN_UNREACHABLE_CODE = YES;
				CLANG_WARN__DUPLICATE_METHOD_MATCH = YES;
				COPY_PHASE_STRIP = NO;
				DEBUG_INFORMATION_FORMAT = dwarf;
				ENABLE_STRICT_OBJC_MSGSEND = YES;
				ENABLE_TESTABILITY = YES;
				ENABLE_USER_SCRIPT_SANDBOXING = YES;
				GCC_C_LANGUAGE_STANDARD = gnu17;
				GCC_DYNAMIC_NO_PIC = NO;
				GCC_NO_COMMON_BLOCKS = YES;
				GCC_OPTIMIZATION_LEVEL = 0;
				GCC_PREPROCESSOR_DEFINITIONS = (
					"DEBUG=1",
					"$(inherited)",
				);
				GCC_WARN_64_TO_32_BIT_CONVERSION = YES;
				GCC_WARN_ABOUT_RETURN_TYPE = YES_ERROR;
				GCC_WARN_UNDECLARED_SELECTOR = YES;
				GCC_WARN_UNINITIALIZED_AUTOS = YES_AGGRESSIVE;
				GCC_WARN_UNUSED_FUNCTION = YES;
				GCC_WARN_UNUSED_VARIABLE = YES;
				LOCALIZATION_PREFERS_STRING_CATALOGS = YES;
				MTL_ENABLE_DEBUG_INFO = INCLUDE_SOURCE;
				MTL_FAST_MATH = YES;
				ONLY_ACTIVE_ARCH = YES;
				SWIFT_ACTIVE_COMPILATION_CONDITIONS = "DEBUG $(inherited)";
				SWIFT_OPTIMIZATION_LEVEL = "-Onone";
			};
			name = Debug;
		};
		24171D502BF0567200689A15 /* Release */ = {
			isa = XCBuildConfiguration;
			buildSettings = {
				ALWAYS_SEARCH_USER_PATHS = NO;
				ASSETCATALOG_COMPILER_GENERATE_SWIFT_ASSET_SYMBOL_EXTENSIONS = YES;
				CLANG_ANALYZER_NONNULL = YES;
				CLANG_ANALYZER_NUMBER_OBJECT_CONVERSION = YES_AGGRESSIVE;
				CLANG_CXX_LANGUAGE_STANDARD = "gnu++20";
				CLANG_ENABLE_MODULES = YES;
				CLANG_ENABLE_OBJC_ARC = YES;
				CLANG_ENABLE_OBJC_WEAK = YES;
				CLANG_WARN_BLOCK_CAPTURE_AUTORELEASING = YES;
				CLANG_WARN_BOOL_CONVERSION = YES;
				CLANG_WARN_COMMA = YES;
				CLANG_WARN_CONSTANT_CONVERSION = YES;
				CLANG_WARN_DEPRECATED_OBJC_IMPLEMENTATIONS = YES;
				CLANG_WARN_DIRECT_OBJC_ISA_USAGE = YES_ERROR;
				CLANG_WARN_DOCUMENTATION_COMMENTS = YES;
				CLANG_WARN_EMPTY_BODY = YES;
				CLANG_WARN_ENUM_CONVERSION = YES;
				CLANG_WARN_INFINITE_RECURSION = YES;
				CLANG_WARN_INT_CONVERSION = YES;
				CLANG_WARN_NON_LITERAL_NULL_CONVERSION = YES;
				CLANG_WARN_OBJC_IMPLICIT_RETAIN_SELF = YES;
				CLANG_WARN_OBJC_LITERAL_CONVERSION = YES;
				CLANG_WARN_OBJC_ROOT_CLASS = YES_ERROR;
				CLANG_WARN_QUOTED_INCLUDE_IN_FRAMEWORK_HEADER = YES;
				CLANG_WARN_RANGE_LOOP_ANALYSIS = YES;
				CLANG_WARN_STRICT_PROTOTYPES = YES;
				CLANG_WARN_SUSPICIOUS_MOVE = YES;
				CLANG_WARN_UNGUARDED_AVAILABILITY = YES_AGGRESSIVE;
				CLANG_WARN_UNREACHABLE_CODE = YES;
				CLANG_WARN__DUPLICATE_METHOD_MATCH = YES;
				COPY_PHASE_STRIP = NO;
				DEBUG_INFORMATION_FORMAT = "dwarf-with-dsym";
				ENABLE_NS_ASSERTIONS = NO;
				ENABLE_STRICT_OBJC_MSGSEND = YES;
				ENABLE_USER_SCRIPT_SANDBOXING = YES;
				GCC_C_LANGUAGE_STANDARD = gnu17;
				GCC_NO_COMMON_BLOCKS = YES;
				GCC_WARN_64_TO_32_BIT_CONVERSION = YES;
				GCC_WARN_ABOUT_RETURN_TYPE = YES_ERROR;
				GCC_WARN_UNDECLARED_SELECTOR = YES;
				GCC_WARN_UNINITIALIZED_AUTOS = YES_AGGRESSIVE;
				GCC_WARN_UNUSED_FUNCTION = YES;
				GCC_WARN_UNUSED_VARIABLE = YES;
				LOCALIZATION_PREFERS_STRING_CATALOGS = YES;
				MTL_ENABLE_DEBUG_INFO = NO;
				MTL_FAST_MATH = YES;
				SWIFT_COMPILATION_MODE = wholemodule;
			};
			name = Release;
		};
		24171D522BF0567200689A15 /* Debug */ = {
			isa = XCBuildConfiguration;
			buildSettings = {
				ASSETCATALOG_COMPILER_APPICON_NAME = AppIcon;
				ASSETCATALOG_COMPILER_GLOBAL_ACCENT_COLOR_NAME = AccentColor;
				CODE_SIGN_ENTITLEMENTS = PracticeCICD/PracticeCICD.entitlements;
				CODE_SIGN_STYLE = Automatic;
				CURRENT_PROJECT_VERSION = 1;
				DEVELOPMENT_ASSET_PATHS = "\"PracticeCICD/Preview Content\"";
				DEVELOPMENT_TEAM = P6K8M6RQ2W;
				ENABLE_HARDENED_RUNTIME = YES;
				ENABLE_PREVIEWS = YES;
				GENERATE_INFOPLIST_FILE = YES;
				"INFOPLIST_KEY_UIApplicationSceneManifest_Generation[sdk=iphoneos*]" = YES;
				"INFOPLIST_KEY_UIApplicationSceneManifest_Generation[sdk=iphonesimulator*]" = YES;
				"INFOPLIST_KEY_UIApplicationSupportsIndirectInputEvents[sdk=iphoneos*]" = YES;
				"INFOPLIST_KEY_UIApplicationSupportsIndirectInputEvents[sdk=iphonesimulator*]" = YES;
				"INFOPLIST_KEY_UILaunchScreen_Generation[sdk=iphoneos*]" = YES;
				"INFOPLIST_KEY_UILaunchScreen_Generation[sdk=iphonesimulator*]" = YES;
				"INFOPLIST_KEY_UIStatusBarStyle[sdk=iphoneos*]" = UIStatusBarStyleDefault;
				"INFOPLIST_KEY_UIStatusBarStyle[sdk=iphonesimulator*]" = UIStatusBarStyleDefault;
				INFOPLIST_KEY_UISupportedInterfaceOrientations_iPad = "UIInterfaceOrientationPortrait UIInterfaceOrientationPortraitUpsideDown UIInterfaceOrientationLandscapeLeft UIInterfaceOrientationLandscapeRight";
				INFOPLIST_KEY_UISupportedInterfaceOrientations_iPhone = "UIInterfaceOrientationPortrait UIInterfaceOrientationLandscapeLeft UIInterfaceOrientationLandscapeRight";
				IPHONEOS_DEPLOYMENT_TARGET = 17.2;
				LD_RUNPATH_SEARCH_PATHS = "@executable_path/Frameworks";
				"LD_RUNPATH_SEARCH_PATHS[sdk=macosx*]" = "@executable_path/../Frameworks";
				MACOSX_DEPLOYMENT_TARGET = 14.1;
				MARKETING_VERSION = 2.0.0;
				PRODUCT_BUNDLE_IDENTIFIER = com.r.t.astronomy.PracticeCICD;
				PRODUCT_NAME = "$(TARGET_NAME)";
				SDKROOT = auto;
				SUPPORTED_PLATFORMS = "iphoneos iphonesimulator macosx";
				SWIFT_EMIT_LOC_STRINGS = YES;
				SWIFT_VERSION = 5.0;
				TARGETED_DEVICE_FAMILY = "1,2";
				VERSIONING_SYSTEM = "apple-generic";
			};
			name = Debug;
		};
		24171D532BF0567200689A15 /* Release */ = {
			isa = XCBuildConfiguration;
			buildSettings = {
				ASSETCATALOG_COMPILER_APPICON_NAME = AppIcon;
				ASSETCATALOG_COMPILER_GLOBAL_ACCENT_COLOR_NAME = AccentColor;
				CODE_SIGN_ENTITLEMENTS = PracticeCICD/PracticeCICD.entitlements;
				CODE_SIGN_STYLE = Automatic;
				CURRENT_PROJECT_VERSION = 1;
				DEVELOPMENT_ASSET_PATHS = "\"PracticeCICD/Preview Content\"";
				DEVELOPMENT_TEAM = P6K8M6RQ2W;
				ENABLE_HARDENED_RUNTIME = YES;
				ENABLE_PREVIEWS = YES;
				GENERATE_INFOPLIST_FILE = YES;
				"INFOPLIST_KEY_UIApplicationSceneManifest_Generation[sdk=iphoneos*]" = YES;
				"INFOPLIST_KEY_UIApplicationSceneManifest_Generation[sdk=iphonesimulator*]" = YES;
				"INFOPLIST_KEY_UIApplicationSupportsIndirectInputEvents[sdk=iphoneos*]" = YES;
				"INFOPLIST_KEY_UIApplicationSupportsIndirectInputEvents[sdk=iphonesimulator*]" = YES;
				"INFOPLIST_KEY_UILaunchScreen_Generation[sdk=iphoneos*]" = YES;
				"INFOPLIST_KEY_UILaunchScreen_Generation[sdk=iphonesimulator*]" = YES;
				"INFOPLIST_KEY_UIStatusBarStyle[sdk=iphoneos*]" = UIStatusBarStyleDefault;
				"INFOPLIST_KEY_UIStatusBarStyle[sdk=iphonesimulator*]" = UIStatusBarStyleDefault;
				INFOPLIST_KEY_UISupportedInterfaceOrientations_iPad = "UIInterfaceOrientationPortrait UIInterfaceOrientationPortraitUpsideDown UIInterfaceOrientationLandscapeLeft UIInterfaceOrientationLandscapeRight";
				INFOPLIST_KEY_UISupportedInterfaceOrientations_iPhone = "UIInterfaceOrientationPortrait UIInterfaceOrientationLandscapeLeft UIInterfaceOrientationLandscapeRight";
				IPHONEOS_DEPLOYMENT_TARGET = 17.2;
				LD_RUNPATH_SEARCH_PATHS = "@executable_path/Frameworks";
				"LD_RUNPATH_SEARCH_PATHS[sdk=macosx*]" = "@executable_path/../Frameworks";
				MACOSX_DEPLOYMENT_TARGET = 14.1;
				MARKETING_VERSION = 2.0.0;
				PRODUCT_BUNDLE_IDENTIFIER = com.r.t.astronomy.PracticeCICD;
				PRODUCT_NAME = "$(TARGET_NAME)";
				SDKROOT = auto;
				SUPPORTED_PLATFORMS = "iphoneos iphonesimulator macosx";
				SWIFT_EMIT_LOC_STRINGS = YES;
				SWIFT_VERSION = 5.0;
				TARGETED_DEVICE_FAMILY = "1,2";
				VERSIONING_SYSTEM = "apple-generic";
			};
			name = Release;
		};
		24171D552BF0567200689A15 /* Debug */ = {
			isa = XCBuildConfiguration;
			buildSettings = {
				ALWAYS_EMBED_SWIFT_STANDARD_LIBRARIES = YES;
				BUNDLE_LOADER = "$(TEST_HOST)";
				CODE_SIGN_STYLE = Automatic;
				CURRENT_PROJECT_VERSION = 1;
				DEVELOPMENT_TEAM = P6K8M6RQ2W;
				GENERATE_INFOPLIST_FILE = YES;
				IPHONEOS_DEPLOYMENT_TARGET = 17.2;
				MACOSX_DEPLOYMENT_TARGET = 14.1;
				MARKETING_VERSION = 1.0;
				PRODUCT_BUNDLE_IDENTIFIER = com.r.t.astronomy.PracticeCICDTests;
				PRODUCT_NAME = "$(TARGET_NAME)";
				SDKROOT = auto;
				SUPPORTED_PLATFORMS = "iphoneos iphonesimulator macosx";
				SWIFT_EMIT_LOC_STRINGS = NO;
				SWIFT_VERSION = 5.0;
				TARGETED_DEVICE_FAMILY = "1,2";
				TEST_HOST = "$(BUILT_PRODUCTS_DIR)/PracticeCICD.app/$(BUNDLE_EXECUTABLE_FOLDER_PATH)/PracticeCICD";
			};
			name = Debug;
		};
		24171D562BF0567200689A15 /* Release */ = {
			isa = XCBuildConfiguration;
			buildSettings = {
				ALWAYS_EMBED_SWIFT_STANDARD_LIBRARIES = YES;
				BUNDLE_LOADER = "$(TEST_HOST)";
				CODE_SIGN_STYLE = Automatic;
				CURRENT_PROJECT_VERSION = 1;
				DEVELOPMENT_TEAM = P6K8M6RQ2W;
				GENERATE_INFOPLIST_FILE = YES;
				IPHONEOS_DEPLOYMENT_TARGET = 17.2;
				MACOSX_DEPLOYMENT_TARGET = 14.1;
				MARKETING_VERSION = 1.0;
				PRODUCT_BUNDLE_IDENTIFIER = com.r.t.astronomy.PracticeCICDTests;
				PRODUCT_NAME = "$(TARGET_NAME)";
				SDKROOT = auto;
				SUPPORTED_PLATFORMS = "iphoneos iphonesimulator macosx";
				SWIFT_EMIT_LOC_STRINGS = NO;
				SWIFT_VERSION = 5.0;
				TARGETED_DEVICE_FAMILY = "1,2";
				TEST_HOST = "$(BUILT_PRODUCTS_DIR)/PracticeCICD.app/$(BUNDLE_EXECUTABLE_FOLDER_PATH)/PracticeCICD";
			};
			name = Release;
		};
		24171D582BF0567200689A15 /* Debug */ = {
			isa = XCBuildConfiguration;
			buildSettings = {
				ALWAYS_EMBED_SWIFT_STANDARD_LIBRARIES = YES;
				CODE_SIGN_STYLE = Automatic;
				CURRENT_PROJECT_VERSION = 1;
				DEVELOPMENT_TEAM = P6K8M6RQ2W;
				GENERATE_INFOPLIST_FILE = YES;
				IPHONEOS_DEPLOYMENT_TARGET = 17.2;
				MACOSX_DEPLOYMENT_TARGET = 14.1;
				MARKETING_VERSION = 1.0;
				PRODUCT_BUNDLE_IDENTIFIER = com.r.t.astronomy.PracticeCICDUITests;
				PRODUCT_NAME = "$(TARGET_NAME)";
				SDKROOT = auto;
				SUPPORTED_PLATFORMS = "iphoneos iphonesimulator macosx";
				SWIFT_EMIT_LOC_STRINGS = NO;
				SWIFT_VERSION = 5.0;
				TARGETED_DEVICE_FAMILY = "1,2";
				TEST_TARGET_NAME = PracticeCICD;
			};
			name = Debug;
		};
		24171D592BF0567200689A15 /* Release */ = {
			isa = XCBuildConfiguration;
			buildSettings = {
				ALWAYS_EMBED_SWIFT_STANDARD_LIBRARIES = YES;
				CODE_SIGN_STYLE = Automatic;
				CURRENT_PROJECT_VERSION = 1;
				DEVELOPMENT_TEAM = P6K8M6RQ2W;
				GENERATE_INFOPLIST_FILE = YES;
				IPHONEOS_DEPLOYMENT_TARGET = 17.2;
				MACOSX_DEPLOYMENT_TARGET = 14.1;
				MARKETING_VERSION = 1.0;
				PRODUCT_BUNDLE_IDENTIFIER = com.r.t.astronomy.PracticeCICDUITests;
				PRODUCT_NAME = "$(TARGET_NAME)";
				SDKROOT = auto;
				SUPPORTED_PLATFORMS = "iphoneos iphonesimulator macosx";
				SWIFT_EMIT_LOC_STRINGS = NO;
				SWIFT_VERSION = 5.0;
				TARGETED_DEVICE_FAMILY = "1,2";
				TEST_TARGET_NAME = PracticeCICD;
			};
			name = Release;
		};
/* End XCBuildConfiguration section */

/* Begin XCConfigurationList section */
		24171D272BF0567000689A15 /* Build configuration list for PBXProject "PracticeCICD" */ = {
			isa = XCConfigurationList;
			buildConfigurations = (
				24171D4F2BF0567200689A15 /* Debug */,
				24171D502BF0567200689A15 /* Release */,
			);
			defaultConfigurationIsVisible = 0;
			defaultConfigurationName = Release;
		};
		24171D512BF0567200689A15 /* Build configuration list for PBXNativeTarget "PracticeCICD" */ = {
			isa = XCConfigurationList;
			buildConfigurations = (
				24171D522BF0567200689A15 /* Debug */,
				24171D532BF0567200689A15 /* Release */,
			);
			defaultConfigurationIsVisible = 0;
			defaultConfigurationName = Release;
		};
		24171D542BF0567200689A15 /* Build configuration list for PBXNativeTarget "PracticeCICDTests" */ = {
			isa = XCConfigurationList;
			buildConfigurations = (
				24171D552BF0567200689A15 /* Debug */,
				24171D562BF0567200689A15 /* Release */,
			);
			defaultConfigurationIsVisible = 0;
			defaultConfigurationName = Release;
		};
		24171D572BF0567200689A15 /* Build configuration list for PBXNativeTarget "PracticeCICDUITests" */ = {
			isa = XCConfigurationList;
			buildConfigurations = (
				24171D582BF0567200689A15 /* Debug */,
				24171D592BF0567200689A15 /* Release */,
			);
			defaultConfigurationIsVisible = 0;
			defaultConfigurationName = Release;
		};
/* End XCConfigurationList section */
	};
	rootObject = 24171D242BF0567000689A15 /* Project object */;
}
